
Microsoft Visual Studio Solution File, Format Version 12.00
# Visual Studio Version 16
VisualStudioVersion = 16.0.31402.337
MinimumVisualStudioVersion = 10.0.40219.1
Project("{9A19103F-16F7-4668-BE54-9A1E7A4F7556}") = "Webmilio.Commons", "Webmilio.Commons\Webmilio.Commons.csproj", "{8195FCDE-60EA-4EA1-83C9-9C2A7BC5918A}"
EndProject
Project("{9A19103F-16F7-4668-BE54-9A1E7A4F7556}") = "Webmilio.Commons.XNA", "XNA\Webmilio.Commons.XNA\Webmilio.Commons.XNA.csproj", "{28E37A77-DFDD-4DAD-BA52-89F53CD760C2}"
EndProject
Project("{FAE04EC0-301F-11D3-BF4B-00C04F79EFBC}") = "Webmilio.Commons.XNA.Test", "XNA\Webmilio.Commons.XNA.Test\Webmilio.Commons.XNA.Test.csproj", "{DB87D902-A895-4D67-B5A4-34DE1DE46095}"
EndProject
Global
	GlobalSection(SolutionConfigurationPlatforms) = preSolution
		Debug - Auto|Any CPU = Debug - Auto|Any CPU
		Debug - Auto|x64 = Debug - Auto|x64
		Debug|Any CPU = Debug|Any CPU
		Debug|x64 = Debug|x64
		Release - No Auto|Any CPU = Release - No Auto|Any CPU
		Release - No Auto|x64 = Release - No Auto|x64
		Release NS2.0|Any CPU = Release NS2.0|Any CPU
		Release NS2.0|x64 = Release NS2.0|x64
		Release|Any CPU = Release|Any CPU
		Release|x64 = Release|x64
	EndGlobalSection
	GlobalSection(ProjectConfigurationPlatforms) = postSolution
		{8195FCDE-60EA-4EA1-83C9-9C2A7BC5918A}.Debug - Auto|Any CPU.ActiveCfg = Debug - Auto|Any CPU
		{8195FCDE-60EA-4EA1-83C9-9C2A7BC5918A}.Debug - Auto|Any CPU.Build.0 = Debug - Auto|Any CPU
		{8195FCDE-60EA-4EA1-83C9-9C2A7BC5918A}.Debug - Auto|x64.ActiveCfg = Debug - Auto|x64
		{8195FCDE-60EA-4EA1-83C9-9C2A7BC5918A}.Debug - Auto|x64.Build.0 = Debug - Auto|x64
		{8195FCDE-60EA-4EA1-83C9-9C2A7BC5918A}.Debug|Any CPU.ActiveCfg = Debug|Any CPU
		{8195FCDE-60EA-4EA1-83C9-9C2A7BC5918A}.Debug|Any CPU.Build.0 = Debug|Any CPU
		{8195FCDE-60EA-4EA1-83C9-9C2A7BC5918A}.Debug|x64.ActiveCfg = Debug|x64
		{8195FCDE-60EA-4EA1-83C9-9C2A7BC5918A}.Debug|x64.Build.0 = Debug|x64
		{8195FCDE-60EA-4EA1-83C9-9C2A7BC5918A}.Release - No Auto|Any CPU.ActiveCfg = Release - No Auto|Any CPU
		{8195FCDE-60EA-4EA1-83C9-9C2A7BC5918A}.Release - No Auto|Any CPU.Build.0 = Release - No Auto|Any CPU
		{8195FCDE-60EA-4EA1-83C9-9C2A7BC5918A}.Release - No Auto|x64.ActiveCfg = Release - No Auto|x64
		{8195FCDE-60EA-4EA1-83C9-9C2A7BC5918A}.Release - No Auto|x64.Build.0 = Release - No Auto|x64
		{8195FCDE-60EA-4EA1-83C9-9C2A7BC5918A}.Release NS2.0|Any CPU.ActiveCfg = Release NS2.0|Any CPU
		{8195FCDE-60EA-4EA1-83C9-9C2A7BC5918A}.Release NS2.0|Any CPU.Build.0 = Release NS2.0|Any CPU
		{8195FCDE-60EA-4EA1-83C9-9C2A7BC5918A}.Release NS2.0|x64.ActiveCfg = Release NS2.0|x64
		{8195FCDE-60EA-4EA1-83C9-9C2A7BC5918A}.Release NS2.0|x64.Build.0 = Release NS2.0|x64
		{8195FCDE-60EA-4EA1-83C9-9C2A7BC5918A}.Release|Any CPU.ActiveCfg = Release|Any CPU
		{8195FCDE-60EA-4EA1-83C9-9C2A7BC5918A}.Release|Any CPU.Build.0 = Release|Any CPU
		{8195FCDE-60EA-4EA1-83C9-9C2A7BC5918A}.Release|x64.ActiveCfg = Release|x64
		{8195FCDE-60EA-4EA1-83C9-9C2A7BC5918A}.Release|x64.Build.0 = Release|x64
		{28E37A77-DFDD-4DAD-BA52-89F53CD760C2}.Debug - Auto|Any CPU.ActiveCfg = Debug|Any CPU
		{28E37A77-DFDD-4DAD-BA52-89F53CD760C2}.Debug - Auto|Any CPU.Build.0 = Debug|Any CPU
		{28E37A77-DFDD-4DAD-BA52-89F53CD760C2}.Debug - Auto|x64.ActiveCfg = Debug|Any CPU
		{28E37A77-DFDD-4DAD-BA52-89F53CD760C2}.Debug - Auto|x64.Build.0 = Debug|Any CPU
		{28E37A77-DFDD-4DAD-BA52-89F53CD760C2}.Debug|Any CPU.ActiveCfg = Debug|Any CPU
		{28E37A77-DFDD-4DAD-BA52-89F53CD760C2}.Debug|Any CPU.Build.0 = Debug|Any CPU
		{28E37A77-DFDD-4DAD-BA52-89F53CD760C2}.Debug|x64.ActiveCfg = Debug|Any CPU
		{28E37A77-DFDD-4DAD-BA52-89F53CD760C2}.Debug|x64.Build.0 = Debug|Any CPU
		{28E37A77-DFDD-4DAD-BA52-89F53CD760C2}.Release - No Auto|Any CPU.ActiveCfg = Release|Any CPU
		{28E37A77-DFDD-4DAD-BA52-89F53CD760C2}.Release - No Auto|Any CPU.Build.0 = Release|Any CPU
		{28E37A77-DFDD-4DAD-BA52-89F53CD760C2}.Release - No Auto|x64.ActiveCfg = Release|Any CPU
		{28E37A77-DFDD-4DAD-BA52-89F53CD760C2}.Release - No Auto|x64.Build.0 = Release|Any CPU
		{28E37A77-DFDD-4DAD-BA52-89F53CD760C2}.Release NS2.0|Any CPU.ActiveCfg = Release|Any CPU
		{28E37A77-DFDD-4DAD-BA52-89F53CD760C2}.Release NS2.0|Any CPU.Build.0 = Release|Any CPU
		{28E37A77-DFDD-4DAD-BA52-89F53CD760C2}.Release NS2.0|x64.ActiveCfg = Release|Any CPU
		{28E37A77-DFDD-4DAD-BA52-89F53CD760C2}.Release NS2.0|x64.Build.0 = Release|Any CPU
		{28E37A77-DFDD-4DAD-BA52-89F53CD760C2}.Release|Any CPU.ActiveCfg = Release|Any CPU
		{28E37A77-DFDD-4DAD-BA52-89F53CD760C2}.Release|Any CPU.Build.0 = Release|Any CPU
		{28E37A77-DFDD-4DAD-BA52-89F53CD760C2}.Release|x64.ActiveCfg = Release|Any CPU
		{28E37A77-DFDD-4DAD-BA52-89F53CD760C2}.Release|x64.Build.0 = Release|Any CPU
		{DB87D902-A895-4D67-B5A4-34DE1DE46095}.Debug - Auto|Any CPU.ActiveCfg = Debug|Any CPU
		{DB87D902-A895-4D67-B5A4-34DE1DE46095}.Debug - Auto|Any CPU.Build.0 = Debug|Any CPU
		{DB87D902-A895-4D67-B5A4-34DE1DE46095}.Debug - Auto|x64.ActiveCfg = Debug|Any CPU
		{DB87D902-A895-4D67-B5A4-34DE1DE46095}.Debug - Auto|x64.Build.0 = Debug|Any CPU
		{DB87D902-A895-4D67-B5A4-34DE1DE46095}.Debug|Any CPU.ActiveCfg = Debug|Any CPU
		{DB87D902-A895-4D67-B5A4-34DE1DE46095}.Debug|Any CPU.Build.0 = Debug|Any CPU
		{DB87D902-A895-4D67-B5A4-34DE1DE46095}.Debug|x64.ActiveCfg = Debug|Any CPU
		{DB87D902-A895-4D67-B5A4-34DE1DE46095}.Debug|x64.Build.0 = Debug|Any CPU
		{DB87D902-A895-4D67-B5A4-34DE1DE46095}.Release - No Auto|Any CPU.ActiveCfg = Release|Any CPU
		{DB87D902-A895-4D67-B5A4-34DE1DE46095}.Release - No Auto|Any CPU.Build.0 = Release|Any CPU
		{DB87D902-A895-4D67-B5A4-34DE1DE46095}.Release - No Auto|x64.ActiveCfg = Release|Any CPU
		{DB87D902-A895-4D67-B5A4-34DE1DE46095}.Release - No Auto|x64.Build.0 = Release|Any CPU
		{DB87D902-A895-4D67-B5A4-34DE1DE46095}.Release NS2.0|Any CPU.ActiveCfg = Release|Any CPU
		{DB87D902-A895-4D67-B5A4-34DE1DE46095}.Release NS2.0|Any CPU.Build.0 = Release|Any CPU
		{DB87D902-A895-4D67-B5A4-34DE1DE46095}.Release NS2.0|x64.ActiveCfg = Release|Any CPU
		{DB87D902-A895-4D67-B5A4-34DE1DE46095}.Release NS2.0|x64.Build.0 = Release|Any CPU
		{DB87D902-A895-4D67-B5A4-34DE1DE46095}.Release|Any CPU.ActiveCfg = Release|Any CPU
		{DB87D902-A895-4D67-B5A4-34DE1DE46095}.Release|Any CPU.Build.0 = Release|Any CPU
		{DB87D902-A895-4D67-B5A4-34DE1DE46095}.Release|x64.ActiveCfg = Release|Any CPU
		{DB87D902-A895-4D67-B5A4-34DE1DE46095}.Release|x64.Build.0 = Release|Any CPU
	EndGlobalSection
	GlobalSection(SolutionProperties) = preSolution
		HideSolutionNode = FALSE
	EndGlobalSection
	GlobalSection(ExtensibilityGlobals) = postSolution
		SolutionGuid = {03C0A5AF-39CD-4794-BBE7-ECA5286E48B3}
	EndGlobalSection
EndGlobal
