
Microsoft Visual Studio Solution File, Format Version 12.00
# Visual Studio Version 17
VisualStudioVersion = 17.0.31612.314
MinimumVisualStudioVersion = 10.0.40219.1
Project("{2150E333-8FDC-42A3-9474-1A3956D46DE8}") = "Tests", "Tests", "{CDDC74A4-D9BD-4C31-A9A6-344C4E436567}"
EndProject
Project("{9A19103F-16F7-4668-BE54-9A1E7A4F7556}") = "Tests.Webmilio.Commons", "Tests.Webmilio.Commons\Tests.Webmilio.Commons.csproj", "{15866B09-6A90-495C-B83D-5937D6ECA2A1}"
EndProject
Project("{9A19103F-16F7-4668-BE54-9A1E7A4F7556}") = "Webmilio.Commons", "Webmilio.Commons\Webmilio.Commons.csproj", "{D1FC1BB6-CF9A-4493-A888-CDED0DC2B39C}"
EndProject
Project("{9A19103F-16F7-4668-BE54-9A1E7A4F7556}") = "Webmilio.Commons.ComponentModel.DataAnnotations", "Webmilio.Commons.ComponentModel.DataAnnotations\Webmilio.Commons.ComponentModel.DataAnnotations.csproj", "{8627BB0D-DD88-452A-B2B0-3FD63D92D565}"
EndProject
Project("{9A19103F-16F7-4668-BE54-9A1E7A4F7556}") = "Webmilio.Commons.Console", "Webmilio.Commons.Console\Webmilio.Commons.Console.csproj", "{69C9F89A-A6EF-4DEC-9369-801A61578411}"
EndProject
Project("{9A19103F-16F7-4668-BE54-9A1E7A4F7556}") = "Webmilio.Commons.EntityFrameworkCore", "Webmilio.Commons.EntityFrameworkCore\Webmilio.Commons.EntityFrameworkCore.csproj", "{57ECD4D0-170F-4FD0-9686-A12AB858A3C1}"
EndProject
Project("{9A19103F-16F7-4668-BE54-9A1E7A4F7556}") = "Webmilio.Commons.FChan", "Webmilio.Commons.FChan\Webmilio.Commons.FChan.csproj", "{E03A5523-1905-43F9-BD70-54E355A00FD4}"
EndProject
Project("{9A19103F-16F7-4668-BE54-9A1E7A4F7556}") = "Webmilio.Commons.NETCore", "Webmilio.Commons.NETCore\Webmilio.Commons.NETCore.csproj", "{75132E00-1FD5-47A7-A4B3-F7154E35D818}"
EndProject
Project("{9A19103F-16F7-4668-BE54-9A1E7A4F7556}") = "Webmilio.Commons.Mathematics", "Webmilio.Commons.Mathematics\Webmilio.Commons.Mathematics.csproj", "{14A09CC0-E382-4E7B-ABE5-A3313E880760}"
EndProject
Project("{9A19103F-16F7-4668-BE54-9A1E7A4F7556}") = "Tests.Webmilio.Commons.Mathematics", "Tests.Webmilio.Commons.Mathematics\Tests.Webmilio.Commons.Mathematics.csproj", "{6A3ECC03-41F7-4917-A176-35D3B1909AD7}"
EndProject
Global
	GlobalSection(SolutionConfigurationPlatforms) = preSolution
		Debug - Auto|Any CPU = Debug - Auto|Any CPU
		Debug - Auto|x64 = Debug - Auto|x64
		Debug|Any CPU = Debug|Any CPU
		Debug|x64 = Debug|x64
		Release - No Auto|Any CPU = Release - No Auto|Any CPU
		Release - No Auto|x64 = Release - No Auto|x64
		Release NS2.0|Any CPU = Release NS2.0|Any CPU
		Release NS2.0|x64 = Release NS2.0|x64
		Release|Any CPU = Release|Any CPU
		Release|x64 = Release|x64
	EndGlobalSection
	GlobalSection(ProjectConfigurationPlatforms) = postSolution
		{15866B09-6A90-495C-B83D-5937D6ECA2A1}.Debug - Auto|Any CPU.ActiveCfg = Debug|Any CPU
		{15866B09-6A90-495C-B83D-5937D6ECA2A1}.Debug - Auto|Any CPU.Build.0 = Debug|Any CPU
		{15866B09-6A90-495C-B83D-5937D6ECA2A1}.Debug - Auto|x64.ActiveCfg = Debug|Any CPU
		{15866B09-6A90-495C-B83D-5937D6ECA2A1}.Debug - Auto|x64.Build.0 = Debug|Any CPU
		{15866B09-6A90-495C-B83D-5937D6ECA2A1}.Debug|Any CPU.ActiveCfg = Debug|Any CPU
		{15866B09-6A90-495C-B83D-5937D6ECA2A1}.Debug|Any CPU.Build.0 = Debug|Any CPU
		{15866B09-6A90-495C-B83D-5937D6ECA2A1}.Debug|x64.ActiveCfg = Debug|Any CPU
		{15866B09-6A90-495C-B83D-5937D6ECA2A1}.Debug|x64.Build.0 = Debug|Any CPU
		{15866B09-6A90-495C-B83D-5937D6ECA2A1}.Release - No Auto|Any CPU.ActiveCfg = Release|Any CPU
		{15866B09-6A90-495C-B83D-5937D6ECA2A1}.Release - No Auto|Any CPU.Build.0 = Release|Any CPU
		{15866B09-6A90-495C-B83D-5937D6ECA2A1}.Release - No Auto|x64.ActiveCfg = Release|Any CPU
		{15866B09-6A90-495C-B83D-5937D6ECA2A1}.Release - No Auto|x64.Build.0 = Release|Any CPU
		{15866B09-6A90-495C-B83D-5937D6ECA2A1}.Release NS2.0|Any CPU.ActiveCfg = Release|Any CPU
		{15866B09-6A90-495C-B83D-5937D6ECA2A1}.Release NS2.0|Any CPU.Build.0 = Release|Any CPU
		{15866B09-6A90-495C-B83D-5937D6ECA2A1}.Release NS2.0|x64.ActiveCfg = Release|Any CPU
		{15866B09-6A90-495C-B83D-5937D6ECA2A1}.Release NS2.0|x64.Build.0 = Release|Any CPU
		{15866B09-6A90-495C-B83D-5937D6ECA2A1}.Release|Any CPU.ActiveCfg = Release|Any CPU
		{15866B09-6A90-495C-B83D-5937D6ECA2A1}.Release|Any CPU.Build.0 = Release|Any CPU
		{15866B09-6A90-495C-B83D-5937D6ECA2A1}.Release|x64.ActiveCfg = Release|Any CPU
		{15866B09-6A90-495C-B83D-5937D6ECA2A1}.Release|x64.Build.0 = Release|Any CPU
		{D1FC1BB6-CF9A-4493-A888-CDED0DC2B39C}.Debug - Auto|Any CPU.ActiveCfg = Debug - Auto|Any CPU
		{D1FC1BB6-CF9A-4493-A888-CDED0DC2B39C}.Debug - Auto|Any CPU.Build.0 = Debug - Auto|Any CPU
		{D1FC1BB6-CF9A-4493-A888-CDED0DC2B39C}.Debug - Auto|x64.ActiveCfg = Debug - Auto|x64
		{D1FC1BB6-CF9A-4493-A888-CDED0DC2B39C}.Debug - Auto|x64.Build.0 = Debug - Auto|x64
		{D1FC1BB6-CF9A-4493-A888-CDED0DC2B39C}.Debug|Any CPU.ActiveCfg = Debug|Any CPU
		{D1FC1BB6-CF9A-4493-A888-CDED0DC2B39C}.Debug|Any CPU.Build.0 = Debug|Any CPU
		{D1FC1BB6-CF9A-4493-A888-CDED0DC2B39C}.Debug|x64.ActiveCfg = Debug|x64
		{D1FC1BB6-CF9A-4493-A888-CDED0DC2B39C}.Debug|x64.Build.0 = Debug|x64
		{D1FC1BB6-CF9A-4493-A888-CDED0DC2B39C}.Release - No Auto|Any CPU.ActiveCfg = Release - No Auto|Any CPU
		{D1FC1BB6-CF9A-4493-A888-CDED0DC2B39C}.Release - No Auto|Any CPU.Build.0 = Release - No Auto|Any CPU
		{D1FC1BB6-CF9A-4493-A888-CDED0DC2B39C}.Release - No Auto|x64.ActiveCfg = Release - No Auto|x64
		{D1FC1BB6-CF9A-4493-A888-CDED0DC2B39C}.Release - No Auto|x64.Build.0 = Release - No Auto|x64
		{D1FC1BB6-CF9A-4493-A888-CDED0DC2B39C}.Release NS2.0|Any CPU.ActiveCfg = Release NS2.0|Any CPU
		{D1FC1BB6-CF9A-4493-A888-CDED0DC2B39C}.Release NS2.0|Any CPU.Build.0 = Release NS2.0|Any CPU
		{D1FC1BB6-CF9A-4493-A888-CDED0DC2B39C}.Release NS2.0|x64.ActiveCfg = Release NS2.0|x64
		{D1FC1BB6-CF9A-4493-A888-CDED0DC2B39C}.Release NS2.0|x64.Build.0 = Release NS2.0|x64
		{D1FC1BB6-CF9A-4493-A888-CDED0DC2B39C}.Release|Any CPU.ActiveCfg = Release|Any CPU
		{D1FC1BB6-CF9A-4493-A888-CDED0DC2B39C}.Release|Any CPU.Build.0 = Release|Any CPU
		{D1FC1BB6-CF9A-4493-A888-CDED0DC2B39C}.Release|x64.ActiveCfg = Release|x64
		{D1FC1BB6-CF9A-4493-A888-CDED0DC2B39C}.Release|x64.Build.0 = Release|x64
		{8627BB0D-DD88-452A-B2B0-3FD63D92D565}.Debug - Auto|Any CPU.ActiveCfg = Debug|Any CPU
		{8627BB0D-DD88-452A-B2B0-3FD63D92D565}.Debug - Auto|Any CPU.Build.0 = Debug|Any CPU
		{8627BB0D-DD88-452A-B2B0-3FD63D92D565}.Debug - Auto|x64.ActiveCfg = Debug|Any CPU
		{8627BB0D-DD88-452A-B2B0-3FD63D92D565}.Debug - Auto|x64.Build.0 = Debug|Any CPU
		{8627BB0D-DD88-452A-B2B0-3FD63D92D565}.Debug|Any CPU.ActiveCfg = Debug|Any CPU
		{8627BB0D-DD88-452A-B2B0-3FD63D92D565}.Debug|Any CPU.Build.0 = Debug|Any CPU
		{8627BB0D-DD88-452A-B2B0-3FD63D92D565}.Debug|x64.ActiveCfg = Debug|Any CPU
		{8627BB0D-DD88-452A-B2B0-3FD63D92D565}.Debug|x64.Build.0 = Debug|Any CPU
		{8627BB0D-DD88-452A-B2B0-3FD63D92D565}.Release - No Auto|Any CPU.ActiveCfg = Release NS2.0|Any CPU
		{8627BB0D-DD88-452A-B2B0-3FD63D92D565}.Release - No Auto|Any CPU.Build.0 = Release NS2.0|Any CPU
		{8627BB0D-DD88-452A-B2B0-3FD63D92D565}.Release - No Auto|x64.ActiveCfg = Release NS2.0|Any CPU
		{8627BB0D-DD88-452A-B2B0-3FD63D92D565}.Release - No Auto|x64.Build.0 = Release NS2.0|Any CPU
		{8627BB0D-DD88-452A-B2B0-3FD63D92D565}.Release NS2.0|Any CPU.ActiveCfg = Release NS2.0|Any CPU
		{8627BB0D-DD88-452A-B2B0-3FD63D92D565}.Release NS2.0|Any CPU.Build.0 = Release NS2.0|Any CPU
		{8627BB0D-DD88-452A-B2B0-3FD63D92D565}.Release NS2.0|x64.ActiveCfg = Release NS2.0|Any CPU
		{8627BB0D-DD88-452A-B2B0-3FD63D92D565}.Release NS2.0|x64.Build.0 = Release NS2.0|Any CPU
		{8627BB0D-DD88-452A-B2B0-3FD63D92D565}.Release|Any CPU.ActiveCfg = Release|Any CPU
		{8627BB0D-DD88-452A-B2B0-3FD63D92D565}.Release|Any CPU.Build.0 = Release|Any CPU
		{8627BB0D-DD88-452A-B2B0-3FD63D92D565}.Release|x64.ActiveCfg = Release|Any CPU
		{8627BB0D-DD88-452A-B2B0-3FD63D92D565}.Release|x64.Build.0 = Release|Any CPU
		{69C9F89A-A6EF-4DEC-9369-801A61578411}.Debug - Auto|Any CPU.ActiveCfg = Debug|Any CPU
		{69C9F89A-A6EF-4DEC-9369-801A61578411}.Debug - Auto|Any CPU.Build.0 = Debug|Any CPU
		{69C9F89A-A6EF-4DEC-9369-801A61578411}.Debug - Auto|x64.ActiveCfg = Debug|Any CPU
		{69C9F89A-A6EF-4DEC-9369-801A61578411}.Debug - Auto|x64.Build.0 = Debug|Any CPU
		{69C9F89A-A6EF-4DEC-9369-801A61578411}.Debug|Any CPU.ActiveCfg = Debug|Any CPU
		{69C9F89A-A6EF-4DEC-9369-801A61578411}.Debug|Any CPU.Build.0 = Debug|Any CPU
		{69C9F89A-A6EF-4DEC-9369-801A61578411}.Debug|x64.ActiveCfg = Debug|Any CPU
		{69C9F89A-A6EF-4DEC-9369-801A61578411}.Debug|x64.Build.0 = Debug|Any CPU
		{69C9F89A-A6EF-4DEC-9369-801A61578411}.Release - No Auto|Any CPU.ActiveCfg = Release NS2.0|Any CPU
		{69C9F89A-A6EF-4DEC-9369-801A61578411}.Release - No Auto|Any CPU.Build.0 = Release NS2.0|Any CPU
		{69C9F89A-A6EF-4DEC-9369-801A61578411}.Release - No Auto|x64.ActiveCfg = Release NS2.0|Any CPU
		{69C9F89A-A6EF-4DEC-9369-801A61578411}.Release - No Auto|x64.Build.0 = Release NS2.0|Any CPU
		{69C9F89A-A6EF-4DEC-9369-801A61578411}.Release NS2.0|Any CPU.ActiveCfg = Release NS2.0|Any CPU
		{69C9F89A-A6EF-4DEC-9369-801A61578411}.Release NS2.0|Any CPU.Build.0 = Release NS2.0|Any CPU
		{69C9F89A-A6EF-4DEC-9369-801A61578411}.Release NS2.0|x64.ActiveCfg = Release NS2.0|Any CPU
		{69C9F89A-A6EF-4DEC-9369-801A61578411}.Release NS2.0|x64.Build.0 = Release NS2.0|Any CPU
		{69C9F89A-A6EF-4DEC-9369-801A61578411}.Release|Any CPU.ActiveCfg = Release|Any CPU
		{69C9F89A-A6EF-4DEC-9369-801A61578411}.Release|Any CPU.Build.0 = Release|Any CPU
		{69C9F89A-A6EF-4DEC-9369-801A61578411}.Release|x64.ActiveCfg = Release|Any CPU
		{69C9F89A-A6EF-4DEC-9369-801A61578411}.Release|x64.Build.0 = Release|Any CPU
		{57ECD4D0-170F-4FD0-9686-A12AB858A3C1}.Debug - Auto|Any CPU.ActiveCfg = Debug|Any CPU
		{57ECD4D0-170F-4FD0-9686-A12AB858A3C1}.Debug - Auto|Any CPU.Build.0 = Debug|Any CPU
		{57ECD4D0-170F-4FD0-9686-A12AB858A3C1}.Debug - Auto|x64.ActiveCfg = Debug|Any CPU
		{57ECD4D0-170F-4FD0-9686-A12AB858A3C1}.Debug - Auto|x64.Build.0 = Debug|Any CPU
		{57ECD4D0-170F-4FD0-9686-A12AB858A3C1}.Debug|Any CPU.ActiveCfg = Debug|Any CPU
		{57ECD4D0-170F-4FD0-9686-A12AB858A3C1}.Debug|Any CPU.Build.0 = Debug|Any CPU
		{57ECD4D0-170F-4FD0-9686-A12AB858A3C1}.Debug|x64.ActiveCfg = Debug|Any CPU
		{57ECD4D0-170F-4FD0-9686-A12AB858A3C1}.Debug|x64.Build.0 = Debug|Any CPU
		{57ECD4D0-170F-4FD0-9686-A12AB858A3C1}.Release - No Auto|Any CPU.ActiveCfg = Release NS2.0|Any CPU
		{57ECD4D0-170F-4FD0-9686-A12AB858A3C1}.Release - No Auto|Any CPU.Build.0 = Release NS2.0|Any CPU
		{57ECD4D0-170F-4FD0-9686-A12AB858A3C1}.Release - No Auto|x64.ActiveCfg = Release NS2.0|Any CPU
		{57ECD4D0-170F-4FD0-9686-A12AB858A3C1}.Release - No Auto|x64.Build.0 = Release NS2.0|Any CPU
		{57ECD4D0-170F-4FD0-9686-A12AB858A3C1}.Release NS2.0|Any CPU.ActiveCfg = Release NS2.0|Any CPU
		{57ECD4D0-170F-4FD0-9686-A12AB858A3C1}.Release NS2.0|Any CPU.Build.0 = Release NS2.0|Any CPU
		{57ECD4D0-170F-4FD0-9686-A12AB858A3C1}.Release NS2.0|x64.ActiveCfg = Release NS2.0|Any CPU
		{57ECD4D0-170F-4FD0-9686-A12AB858A3C1}.Release NS2.0|x64.Build.0 = Release NS2.0|Any CPU
		{57ECD4D0-170F-4FD0-9686-A12AB858A3C1}.Release|Any CPU.ActiveCfg = Release|Any CPU
		{57ECD4D0-170F-4FD0-9686-A12AB858A3C1}.Release|Any CPU.Build.0 = Release|Any CPU
		{57ECD4D0-170F-4FD0-9686-A12AB858A3C1}.Release|x64.ActiveCfg = Release|Any CPU
		{57ECD4D0-170F-4FD0-9686-A12AB858A3C1}.Release|x64.Build.0 = Release|Any CPU
		{E03A5523-1905-43F9-BD70-54E355A00FD4}.Debug - Auto|Any CPU.ActiveCfg = Debug|Any CPU
		{E03A5523-1905-43F9-BD70-54E355A00FD4}.Debug - Auto|Any CPU.Build.0 = Debug|Any CPU
		{E03A5523-1905-43F9-BD70-54E355A00FD4}.Debug - Auto|x64.ActiveCfg = Debug|Any CPU
		{E03A5523-1905-43F9-BD70-54E355A00FD4}.Debug - Auto|x64.Build.0 = Debug|Any CPU
		{E03A5523-1905-43F9-BD70-54E355A00FD4}.Debug|Any CPU.ActiveCfg = Debug|Any CPU
		{E03A5523-1905-43F9-BD70-54E355A00FD4}.Debug|Any CPU.Build.0 = Debug|Any CPU
		{E03A5523-1905-43F9-BD70-54E355A00FD4}.Debug|x64.ActiveCfg = Debug|Any CPU
		{E03A5523-1905-43F9-BD70-54E355A00FD4}.Debug|x64.Build.0 = Debug|Any CPU
		{E03A5523-1905-43F9-BD70-54E355A00FD4}.Release - No Auto|Any CPU.ActiveCfg = Release NS2.0|Any CPU
		{E03A5523-1905-43F9-BD70-54E355A00FD4}.Release - No Auto|Any CPU.Build.0 = Release NS2.0|Any CPU
		{E03A5523-1905-43F9-BD70-54E355A00FD4}.Release - No Auto|x64.ActiveCfg = Release NS2.0|Any CPU
		{E03A5523-1905-43F9-BD70-54E355A00FD4}.Release - No Auto|x64.Build.0 = Release NS2.0|Any CPU
		{E03A5523-1905-43F9-BD70-54E355A00FD4}.Release NS2.0|Any CPU.ActiveCfg = Release NS2.0|Any CPU
		{E03A5523-1905-43F9-BD70-54E355A00FD4}.Release NS2.0|Any CPU.Build.0 = Release NS2.0|Any CPU
		{E03A5523-1905-43F9-BD70-54E355A00FD4}.Release NS2.0|x64.ActiveCfg = Release NS2.0|Any CPU
		{E03A5523-1905-43F9-BD70-54E355A00FD4}.Release NS2.0|x64.Build.0 = Release NS2.0|Any CPU
		{E03A5523-1905-43F9-BD70-54E355A00FD4}.Release|Any CPU.ActiveCfg = Release|Any CPU
		{E03A5523-1905-43F9-BD70-54E355A00FD4}.Release|Any CPU.Build.0 = Release|Any CPU
		{E03A5523-1905-43F9-BD70-54E355A00FD4}.Release|x64.ActiveCfg = Release|Any CPU
		{E03A5523-1905-43F9-BD70-54E355A00FD4}.Release|x64.Build.0 = Release|Any CPU
		{75132E00-1FD5-47A7-A4B3-F7154E35D818}.Debug - Auto|Any CPU.ActiveCfg = Debug|Any CPU
		{75132E00-1FD5-47A7-A4B3-F7154E35D818}.Debug - Auto|Any CPU.Build.0 = Debug|Any CPU
		{75132E00-1FD5-47A7-A4B3-F7154E35D818}.Debug - Auto|x64.ActiveCfg = Debug|Any CPU
		{75132E00-1FD5-47A7-A4B3-F7154E35D818}.Debug - Auto|x64.Build.0 = Debug|Any CPU
		{75132E00-1FD5-47A7-A4B3-F7154E35D818}.Debug|Any CPU.ActiveCfg = Debug|Any CPU
		{75132E00-1FD5-47A7-A4B3-F7154E35D818}.Debug|Any CPU.Build.0 = Debug|Any CPU
		{75132E00-1FD5-47A7-A4B3-F7154E35D818}.Debug|x64.ActiveCfg = Debug|Any CPU
		{75132E00-1FD5-47A7-A4B3-F7154E35D818}.Debug|x64.Build.0 = Debug|Any CPU
		{75132E00-1FD5-47A7-A4B3-F7154E35D818}.Release - No Auto|Any CPU.ActiveCfg = Release NS2.0|Any CPU
		{75132E00-1FD5-47A7-A4B3-F7154E35D818}.Release - No Auto|Any CPU.Build.0 = Release NS2.0|Any CPU
		{75132E00-1FD5-47A7-A4B3-F7154E35D818}.Release - No Auto|x64.ActiveCfg = Release NS2.0|Any CPU
		{75132E00-1FD5-47A7-A4B3-F7154E35D818}.Release - No Auto|x64.Build.0 = Release NS2.0|Any CPU
		{75132E00-1FD5-47A7-A4B3-F7154E35D818}.Release NS2.0|Any CPU.ActiveCfg = Release NS2.0|Any CPU
		{75132E00-1FD5-47A7-A4B3-F7154E35D818}.Release NS2.0|Any CPU.Build.0 = Release NS2.0|Any CPU
		{75132E00-1FD5-47A7-A4B3-F7154E35D818}.Release NS2.0|x64.ActiveCfg = Release NS2.0|Any CPU
		{75132E00-1FD5-47A7-A4B3-F7154E35D818}.Release NS2.0|x64.Build.0 = Release NS2.0|Any CPU
		{75132E00-1FD5-47A7-A4B3-F7154E35D818}.Release|Any CPU.ActiveCfg = Release|Any CPU
		{75132E00-1FD5-47A7-A4B3-F7154E35D818}.Release|Any CPU.Build.0 = Release|Any CPU
		{75132E00-1FD5-47A7-A4B3-F7154E35D818}.Release|x64.ActiveCfg = Release|Any CPU
		{75132E00-1FD5-47A7-A4B3-F7154E35D818}.Release|x64.Build.0 = Release|Any CPU
		{14A09CC0-E382-4E7B-ABE5-A3313E880760}.Debug - Auto|Any CPU.ActiveCfg = Debug|Any CPU
		{14A09CC0-E382-4E7B-ABE5-A3313E880760}.Debug - Auto|Any CPU.Build.0 = Debug|Any CPU
		{14A09CC0-E382-4E7B-ABE5-A3313E880760}.Debug - Auto|x64.ActiveCfg = Debug|Any CPU
		{14A09CC0-E382-4E7B-ABE5-A3313E880760}.Debug - Auto|x64.Build.0 = Debug|Any CPU
		{14A09CC0-E382-4E7B-ABE5-A3313E880760}.Debug|Any CPU.ActiveCfg = Debug|Any CPU
		{14A09CC0-E382-4E7B-ABE5-A3313E880760}.Debug|Any CPU.Build.0 = Debug|Any CPU
		{14A09CC0-E382-4E7B-ABE5-A3313E880760}.Debug|x64.ActiveCfg = Debug|Any CPU
		{14A09CC0-E382-4E7B-ABE5-A3313E880760}.Debug|x64.Build.0 = Debug|Any CPU
		{14A09CC0-E382-4E7B-ABE5-A3313E880760}.Release - No Auto|Any CPU.ActiveCfg = Release|Any CPU
		{14A09CC0-E382-4E7B-ABE5-A3313E880760}.Release - No Auto|Any CPU.Build.0 = Release|Any CPU
		{14A09CC0-E382-4E7B-ABE5-A3313E880760}.Release - No Auto|x64.ActiveCfg = Release|Any CPU
		{14A09CC0-E382-4E7B-ABE5-A3313E880760}.Release - No Auto|x64.Build.0 = Release|Any CPU
		{14A09CC0-E382-4E7B-ABE5-A3313E880760}.Release NS2.0|Any CPU.ActiveCfg = Release|Any CPU
		{14A09CC0-E382-4E7B-ABE5-A3313E880760}.Release NS2.0|Any CPU.Build.0 = Release|Any CPU
		{14A09CC0-E382-4E7B-ABE5-A3313E880760}.Release NS2.0|x64.ActiveCfg = Release|Any CPU
		{14A09CC0-E382-4E7B-ABE5-A3313E880760}.Release NS2.0|x64.Build.0 = Release|Any CPU
		{14A09CC0-E382-4E7B-ABE5-A3313E880760}.Release|Any CPU.ActiveCfg = Release|Any CPU
		{14A09CC0-E382-4E7B-ABE5-A3313E880760}.Release|Any CPU.Build.0 = Release|Any CPU
		{14A09CC0-E382-4E7B-ABE5-A3313E880760}.Release|x64.ActiveCfg = Release|Any CPU
		{14A09CC0-E382-4E7B-ABE5-A3313E880760}.Release|x64.Build.0 = Release|Any CPU
		{6A3ECC03-41F7-4917-A176-35D3B1909AD7}.Debug - Auto|Any CPU.ActiveCfg = Debug|Any CPU
		{6A3ECC03-41F7-4917-A176-35D3B1909AD7}.Debug - Auto|Any CPU.Build.0 = Debug|Any CPU
		{6A3ECC03-41F7-4917-A176-35D3B1909AD7}.Debug - Auto|x64.ActiveCfg = Debug|Any CPU
		{6A3ECC03-41F7-4917-A176-35D3B1909AD7}.Debug - Auto|x64.Build.0 = Debug|Any CPU
		{6A3ECC03-41F7-4917-A176-35D3B1909AD7}.Debug|Any CPU.ActiveCfg = Debug|Any CPU
		{6A3ECC03-41F7-4917-A176-35D3B1909AD7}.Debug|Any CPU.Build.0 = Debug|Any CPU
		{6A3ECC03-41F7-4917-A176-35D3B1909AD7}.Debug|x64.ActiveCfg = Debug|Any CPU
		{6A3ECC03-41F7-4917-A176-35D3B1909AD7}.Debug|x64.Build.0 = Debug|Any CPU
		{6A3ECC03-41F7-4917-A176-35D3B1909AD7}.Release - No Auto|Any CPU.ActiveCfg = Release|Any CPU
		{6A3ECC03-41F7-4917-A176-35D3B1909AD7}.Release - No Auto|Any CPU.Build.0 = Release|Any CPU
		{6A3ECC03-41F7-4917-A176-35D3B1909AD7}.Release - No Auto|x64.ActiveCfg = Release|Any CPU
		{6A3ECC03-41F7-4917-A176-35D3B1909AD7}.Release - No Auto|x64.Build.0 = Release|Any CPU
		{6A3ECC03-41F7-4917-A176-35D3B1909AD7}.Release NS2.0|Any CPU.ActiveCfg = Release|Any CPU
		{6A3ECC03-41F7-4917-A176-35D3B1909AD7}.Release NS2.0|Any CPU.Build.0 = Release|Any CPU
		{6A3ECC03-41F7-4917-A176-35D3B1909AD7}.Release NS2.0|x64.ActiveCfg = Release|Any CPU
		{6A3ECC03-41F7-4917-A176-35D3B1909AD7}.Release NS2.0|x64.Build.0 = Release|Any CPU
		{6A3ECC03-41F7-4917-A176-35D3B1909AD7}.Release|Any CPU.ActiveCfg = Release|Any CPU
		{6A3ECC03-41F7-4917-A176-35D3B1909AD7}.Release|Any CPU.Build.0 = Release|Any CPU
		{6A3ECC03-41F7-4917-A176-35D3B1909AD7}.Release|x64.ActiveCfg = Release|Any CPU
		{6A3ECC03-41F7-4917-A176-35D3B1909AD7}.Release|x64.Build.0 = Release|Any CPU
	EndGlobalSection
	GlobalSection(SolutionProperties) = preSolution
		HideSolutionNode = FALSE
	EndGlobalSection
	GlobalSection(NestedProjects) = preSolution
		{15866B09-6A90-495C-B83D-5937D6ECA2A1} = {CDDC74A4-D9BD-4C31-A9A6-344C4E436567}
		{6A3ECC03-41F7-4917-A176-35D3B1909AD7} = {CDDC74A4-D9BD-4C31-A9A6-344C4E436567}
	EndGlobalSection
	GlobalSection(ExtensibilityGlobals) = postSolution
		SolutionGuid = {182121C6-CDE8-4704-BFC5-F15E83FAB3E7}
	EndGlobalSection
EndGlobal
