
Microsoft Visual Studio Solution File, Format Version 12.00
# Visual Studio Version 16
VisualStudioVersion = 16.0.31515.178
MinimumVisualStudioVersion = 10.0.40219.1
Project("{9A19103F-16F7-4668-BE54-9A1E7A4F7556}") = "WebmilioCommons.Sandbox", "Sandbox\WebmilioCommons.Sandbox.csproj", "{C4981421-3B5B-42DB-9248-0278D95F0AFB}"
EndProject
Project("{9A19103F-16F7-4668-BE54-9A1E7A4F7556}") = "SQLiteFramework", "SimpleDBFramework\SQLiteFramework.csproj", "{25D681FF-0966-4EB0-810E-7B215B312D1F}"
EndProject
Project("{9A19103F-16F7-4668-BE54-9A1E7A4F7556}") = "SQLiteFramework.Sandbox", "SQLiteFramework.Sandbox\SQLiteFramework.Sandbox.csproj", "{B2231256-24AE-4AA2-8168-65DD7FED774B}"
EndProject
Project("{9A19103F-16F7-4668-BE54-9A1E7A4F7556}") = "Webmilio.Commons.FChan", "Webmilio.Commons.FChan\Webmilio.Commons.FChan.csproj", "{329DBC36-3DA2-42D1-8A32-8B7FA7F826AA}"
EndProject
Project("{9A19103F-16F7-4668-BE54-9A1E7A4F7556}") = "Webmilio.Commons", "Webmilio.Commons\Webmilio.Commons.csproj", "{DEB45B35-9FAE-4F40-B289-15F261070386}"
EndProject
Project("{9A19103F-16F7-4668-BE54-9A1E7A4F7556}") = "Webmilio.Commons.NETCore", "Webmilio.Commons.NETCore\Webmilio.Commons.NETCore.csproj", "{0B445B86-2A9B-4A13-9614-C73CEDEB9EE2}"
EndProject
Project("{9A19103F-16F7-4668-BE54-9A1E7A4F7556}") = "Webmilio.Commons.EntityFrameworkCore", "Webmilio.Commons.EntityFrameworkCore\Webmilio.Commons.EntityFrameworkCore.csproj", "{CD182E3F-A95E-40A8-A982-0A3A62FE4997}"
EndProject
Project("{9A19103F-16F7-4668-BE54-9A1E7A4F7556}") = "Webmilio.Commons.ComponentModel.DataAnnotations", "Webmilio.Commons.ComponentModel.DataAnnotations\Webmilio.Commons.ComponentModel.DataAnnotations.csproj", "{6888C63A-A001-4D24-B3D3-656C77496942}"
EndProject
Project("{2150E333-8FDC-42A3-9474-1A3956D46DE8}") = "Database", "Database", "{93AF4F4B-162C-4BB2-BE5B-705713A58AA3}"
EndProject
Project("{2150E333-8FDC-42A3-9474-1A3956D46DE8}") = "Devices", "Devices", "{718B7D83-9EA1-4747-A521-9B9E6A7CA593}"
EndProject
Project("{FAE04EC0-301F-11D3-BF4B-00C04F79EFBC}") = "Webmilio.Commons.Console", "Webmilio.Commons.Console\Webmilio.Commons.Console.csproj", "{75EF6CBA-AA13-4FA8-87CA-4774A3AA80EE}"
EndProject
Global
	GlobalSection(SolutionConfigurationPlatforms) = preSolution
		Debug|Any CPU = Debug|Any CPU
		Debug|x64 = Debug|x64
		Release NS2.0|Any CPU = Release NS2.0|Any CPU
		Release NS2.0|x64 = Release NS2.0|x64
		Release|Any CPU = Release|Any CPU
		Release|x64 = Release|x64
	EndGlobalSection
	GlobalSection(ProjectConfigurationPlatforms) = postSolution
		{C4981421-3B5B-42DB-9248-0278D95F0AFB}.Debug|Any CPU.ActiveCfg = Debug|Any CPU
		{C4981421-3B5B-42DB-9248-0278D95F0AFB}.Debug|Any CPU.Build.0 = Debug|Any CPU
		{C4981421-3B5B-42DB-9248-0278D95F0AFB}.Debug|x64.ActiveCfg = Debug|Any CPU
		{C4981421-3B5B-42DB-9248-0278D95F0AFB}.Debug|x64.Build.0 = Debug|Any CPU
		{C4981421-3B5B-42DB-9248-0278D95F0AFB}.Release NS2.0|Any CPU.ActiveCfg = Release NS2.0|Any CPU
		{C4981421-3B5B-42DB-9248-0278D95F0AFB}.Release NS2.0|Any CPU.Build.0 = Release NS2.0|Any CPU
		{C4981421-3B5B-42DB-9248-0278D95F0AFB}.Release NS2.0|x64.ActiveCfg = Release NS2.0|Any CPU
		{C4981421-3B5B-42DB-9248-0278D95F0AFB}.Release NS2.0|x64.Build.0 = Release NS2.0|Any CPU
		{C4981421-3B5B-42DB-9248-0278D95F0AFB}.Release|Any CPU.ActiveCfg = Release|Any CPU
		{C4981421-3B5B-42DB-9248-0278D95F0AFB}.Release|Any CPU.Build.0 = Release|Any CPU
		{C4981421-3B5B-42DB-9248-0278D95F0AFB}.Release|x64.ActiveCfg = Release|Any CPU
		{C4981421-3B5B-42DB-9248-0278D95F0AFB}.Release|x64.Build.0 = Release|Any CPU
		{25D681FF-0966-4EB0-810E-7B215B312D1F}.Debug|Any CPU.ActiveCfg = Debug|Any CPU
		{25D681FF-0966-4EB0-810E-7B215B312D1F}.Debug|Any CPU.Build.0 = Debug|Any CPU
		{25D681FF-0966-4EB0-810E-7B215B312D1F}.Debug|x64.ActiveCfg = Debug|Any CPU
		{25D681FF-0966-4EB0-810E-7B215B312D1F}.Release NS2.0|Any CPU.ActiveCfg = Release|Any CPU
		{25D681FF-0966-4EB0-810E-7B215B312D1F}.Release NS2.0|x64.ActiveCfg = Release|Any CPU
		{25D681FF-0966-4EB0-810E-7B215B312D1F}.Release|Any CPU.ActiveCfg = Release|Any CPU
		{25D681FF-0966-4EB0-810E-7B215B312D1F}.Release|Any CPU.Build.0 = Release|Any CPU
		{25D681FF-0966-4EB0-810E-7B215B312D1F}.Release|x64.ActiveCfg = Release|Any CPU
		{B2231256-24AE-4AA2-8168-65DD7FED774B}.Debug|Any CPU.ActiveCfg = Debug|Any CPU
		{B2231256-24AE-4AA2-8168-65DD7FED774B}.Debug|Any CPU.Build.0 = Debug|Any CPU
		{B2231256-24AE-4AA2-8168-65DD7FED774B}.Debug|x64.ActiveCfg = Debug|Any CPU
		{B2231256-24AE-4AA2-8168-65DD7FED774B}.Release NS2.0|Any CPU.ActiveCfg = Release|Any CPU
		{B2231256-24AE-4AA2-8168-65DD7FED774B}.Release NS2.0|x64.ActiveCfg = Release|Any CPU
		{B2231256-24AE-4AA2-8168-65DD7FED774B}.Release|Any CPU.ActiveCfg = Release|Any CPU
		{B2231256-24AE-4AA2-8168-65DD7FED774B}.Release|Any CPU.Build.0 = Release|Any CPU
		{B2231256-24AE-4AA2-8168-65DD7FED774B}.Release|x64.ActiveCfg = Release|Any CPU
		{329DBC36-3DA2-42D1-8A32-8B7FA7F826AA}.Debug|Any CPU.ActiveCfg = Debug|Any CPU
		{329DBC36-3DA2-42D1-8A32-8B7FA7F826AA}.Debug|Any CPU.Build.0 = Debug|Any CPU
		{329DBC36-3DA2-42D1-8A32-8B7FA7F826AA}.Debug|x64.ActiveCfg = Debug|Any CPU
		{329DBC36-3DA2-42D1-8A32-8B7FA7F826AA}.Debug|x64.Build.0 = Debug|Any CPU
		{329DBC36-3DA2-42D1-8A32-8B7FA7F826AA}.Release NS2.0|Any CPU.ActiveCfg = Release NS2.0|Any CPU
		{329DBC36-3DA2-42D1-8A32-8B7FA7F826AA}.Release NS2.0|Any CPU.Build.0 = Release NS2.0|Any CPU
		{329DBC36-3DA2-42D1-8A32-8B7FA7F826AA}.Release NS2.0|x64.ActiveCfg = Release NS2.0|Any CPU
		{329DBC36-3DA2-42D1-8A32-8B7FA7F826AA}.Release NS2.0|x64.Build.0 = Release NS2.0|Any CPU
		{329DBC36-3DA2-42D1-8A32-8B7FA7F826AA}.Release|Any CPU.ActiveCfg = Release|Any CPU
		{329DBC36-3DA2-42D1-8A32-8B7FA7F826AA}.Release|Any CPU.Build.0 = Release|Any CPU
		{329DBC36-3DA2-42D1-8A32-8B7FA7F826AA}.Release|x64.ActiveCfg = Release|Any CPU
		{329DBC36-3DA2-42D1-8A32-8B7FA7F826AA}.Release|x64.Build.0 = Release|Any CPU
		{DEB45B35-9FAE-4F40-B289-15F261070386}.Debug|Any CPU.ActiveCfg = Debug|Any CPU
		{DEB45B35-9FAE-4F40-B289-15F261070386}.Debug|Any CPU.Build.0 = Debug|Any CPU
		{DEB45B35-9FAE-4F40-B289-15F261070386}.Debug|x64.ActiveCfg = Debug|x64
		{DEB45B35-9FAE-4F40-B289-15F261070386}.Debug|x64.Build.0 = Debug|x64
		{DEB45B35-9FAE-4F40-B289-15F261070386}.Release NS2.0|Any CPU.ActiveCfg = Release NS2.0|Any CPU
		{DEB45B35-9FAE-4F40-B289-15F261070386}.Release NS2.0|Any CPU.Build.0 = Release NS2.0|Any CPU
		{DEB45B35-9FAE-4F40-B289-15F261070386}.Release NS2.0|x64.ActiveCfg = Release NS2.0|x64
		{DEB45B35-9FAE-4F40-B289-15F261070386}.Release NS2.0|x64.Build.0 = Release NS2.0|x64
		{DEB45B35-9FAE-4F40-B289-15F261070386}.Release|Any CPU.ActiveCfg = Release|Any CPU
		{DEB45B35-9FAE-4F40-B289-15F261070386}.Release|Any CPU.Build.0 = Release|Any CPU
		{DEB45B35-9FAE-4F40-B289-15F261070386}.Release|x64.ActiveCfg = Release|x64
		{DEB45B35-9FAE-4F40-B289-15F261070386}.Release|x64.Build.0 = Release|x64
		{0B445B86-2A9B-4A13-9614-C73CEDEB9EE2}.Debug|Any CPU.ActiveCfg = Debug|Any CPU
		{0B445B86-2A9B-4A13-9614-C73CEDEB9EE2}.Debug|Any CPU.Build.0 = Debug|Any CPU
		{0B445B86-2A9B-4A13-9614-C73CEDEB9EE2}.Debug|x64.ActiveCfg = Debug|Any CPU
		{0B445B86-2A9B-4A13-9614-C73CEDEB9EE2}.Debug|x64.Build.0 = Debug|Any CPU
		{0B445B86-2A9B-4A13-9614-C73CEDEB9EE2}.Release NS2.0|Any CPU.ActiveCfg = Release NS2.0|Any CPU
		{0B445B86-2A9B-4A13-9614-C73CEDEB9EE2}.Release NS2.0|Any CPU.Build.0 = Release NS2.0|Any CPU
		{0B445B86-2A9B-4A13-9614-C73CEDEB9EE2}.Release NS2.0|x64.ActiveCfg = Release NS2.0|Any CPU
		{0B445B86-2A9B-4A13-9614-C73CEDEB9EE2}.Release NS2.0|x64.Build.0 = Release NS2.0|Any CPU
		{0B445B86-2A9B-4A13-9614-C73CEDEB9EE2}.Release|Any CPU.ActiveCfg = Release|Any CPU
		{0B445B86-2A9B-4A13-9614-C73CEDEB9EE2}.Release|Any CPU.Build.0 = Release|Any CPU
		{0B445B86-2A9B-4A13-9614-C73CEDEB9EE2}.Release|x64.ActiveCfg = Release|Any CPU
		{0B445B86-2A9B-4A13-9614-C73CEDEB9EE2}.Release|x64.Build.0 = Release|Any CPU
		{CD182E3F-A95E-40A8-A982-0A3A62FE4997}.Debug|Any CPU.ActiveCfg = Debug|Any CPU
		{CD182E3F-A95E-40A8-A982-0A3A62FE4997}.Debug|Any CPU.Build.0 = Debug|Any CPU
		{CD182E3F-A95E-40A8-A982-0A3A62FE4997}.Debug|x64.ActiveCfg = Debug|Any CPU
		{CD182E3F-A95E-40A8-A982-0A3A62FE4997}.Debug|x64.Build.0 = Debug|Any CPU
		{CD182E3F-A95E-40A8-A982-0A3A62FE4997}.Release NS2.0|Any CPU.ActiveCfg = Release NS2.0|Any CPU
		{CD182E3F-A95E-40A8-A982-0A3A62FE4997}.Release NS2.0|Any CPU.Build.0 = Release NS2.0|Any CPU
		{CD182E3F-A95E-40A8-A982-0A3A62FE4997}.Release NS2.0|x64.ActiveCfg = Release NS2.0|Any CPU
		{CD182E3F-A95E-40A8-A982-0A3A62FE4997}.Release NS2.0|x64.Build.0 = Release NS2.0|Any CPU
		{CD182E3F-A95E-40A8-A982-0A3A62FE4997}.Release|Any CPU.ActiveCfg = Release|Any CPU
		{CD182E3F-A95E-40A8-A982-0A3A62FE4997}.Release|Any CPU.Build.0 = Release|Any CPU
		{CD182E3F-A95E-40A8-A982-0A3A62FE4997}.Release|x64.ActiveCfg = Release|Any CPU
		{CD182E3F-A95E-40A8-A982-0A3A62FE4997}.Release|x64.Build.0 = Release|Any CPU
		{6888C63A-A001-4D24-B3D3-656C77496942}.Debug|Any CPU.ActiveCfg = Debug|Any CPU
		{6888C63A-A001-4D24-B3D3-656C77496942}.Debug|Any CPU.Build.0 = Debug|Any CPU
		{6888C63A-A001-4D24-B3D3-656C77496942}.Debug|x64.ActiveCfg = Debug|Any CPU
		{6888C63A-A001-4D24-B3D3-656C77496942}.Debug|x64.Build.0 = Debug|Any CPU
		{6888C63A-A001-4D24-B3D3-656C77496942}.Release NS2.0|Any CPU.ActiveCfg = Release NS2.0|Any CPU
		{6888C63A-A001-4D24-B3D3-656C77496942}.Release NS2.0|Any CPU.Build.0 = Release NS2.0|Any CPU
		{6888C63A-A001-4D24-B3D3-656C77496942}.Release NS2.0|x64.ActiveCfg = Release NS2.0|Any CPU
		{6888C63A-A001-4D24-B3D3-656C77496942}.Release NS2.0|x64.Build.0 = Release NS2.0|Any CPU
		{6888C63A-A001-4D24-B3D3-656C77496942}.Release|Any CPU.ActiveCfg = Release|Any CPU
		{6888C63A-A001-4D24-B3D3-656C77496942}.Release|Any CPU.Build.0 = Release|Any CPU
		{6888C63A-A001-4D24-B3D3-656C77496942}.Release|x64.ActiveCfg = Release|Any CPU
		{6888C63A-A001-4D24-B3D3-656C77496942}.Release|x64.Build.0 = Release|Any CPU
		{75EF6CBA-AA13-4FA8-87CA-4774A3AA80EE}.Debug|Any CPU.ActiveCfg = Debug|Any CPU
		{75EF6CBA-AA13-4FA8-87CA-4774A3AA80EE}.Debug|Any CPU.Build.0 = Debug|Any CPU
		{75EF6CBA-AA13-4FA8-87CA-4774A3AA80EE}.Debug|x64.ActiveCfg = Debug|Any CPU
		{75EF6CBA-AA13-4FA8-87CA-4774A3AA80EE}.Debug|x64.Build.0 = Debug|Any CPU
		{75EF6CBA-AA13-4FA8-87CA-4774A3AA80EE}.Release NS2.0|Any CPU.ActiveCfg = Release|Any CPU
		{75EF6CBA-AA13-4FA8-87CA-4774A3AA80EE}.Release NS2.0|Any CPU.Build.0 = Release|Any CPU
		{75EF6CBA-AA13-4FA8-87CA-4774A3AA80EE}.Release NS2.0|x64.ActiveCfg = Release|Any CPU
		{75EF6CBA-AA13-4FA8-87CA-4774A3AA80EE}.Release NS2.0|x64.Build.0 = Release|Any CPU
		{75EF6CBA-AA13-4FA8-87CA-4774A3AA80EE}.Release|Any CPU.ActiveCfg = Release|Any CPU
		{75EF6CBA-AA13-4FA8-87CA-4774A3AA80EE}.Release|Any CPU.Build.0 = Release|Any CPU
		{75EF6CBA-AA13-4FA8-87CA-4774A3AA80EE}.Release|x64.ActiveCfg = Release|Any CPU
		{75EF6CBA-AA13-4FA8-87CA-4774A3AA80EE}.Release|x64.Build.0 = Release|Any CPU
	EndGlobalSection
	GlobalSection(SolutionProperties) = preSolution
		HideSolutionNode = FALSE
	EndGlobalSection
	GlobalSection(NestedProjects) = preSolution
		{CD182E3F-A95E-40A8-A982-0A3A62FE4997} = {93AF4F4B-162C-4BB2-BE5B-705713A58AA3}
		{6888C63A-A001-4D24-B3D3-656C77496942} = {93AF4F4B-162C-4BB2-BE5B-705713A58AA3}
	EndGlobalSection
	GlobalSection(ExtensibilityGlobals) = postSolution
		SolutionGuid = {182121C6-CDE8-4704-BFC5-F15E83FAB3E7}
	EndGlobalSection
EndGlobal
